
Microsoft Visual Studio Solution File, Format Version 12.00
# Visual Studio 15
VisualStudioVersion = 15.0.26730.16
MinimumVisualStudioVersion = 10.0.40219.1
Project("{9A19103F-16F7-4668-BE54-9A1E7A4F7556}") = "EXP.Functions.OAuth.API", "EXP.Functions.OAuth.API\EXP.Functions.OAuth.API.csproj", "{931234C8-6FED-415C-A024-801BA8D642A4}"
EndProject
Project("{2150E333-8FDC-42A3-9474-1A3956D46DE8}") = "Deployment", "Deployment", "{1F50088E-78F7-4685-A025-C3018ADC80CD}"
	ProjectSection(SolutionItems) = preProject
		Deployment\template.json = Deployment\template.json
	EndProjectSection
EndProject
Project("{2150E333-8FDC-42A3-9474-1A3956D46DE8}") = "Documentation", "Documentation", "{59A50ED3-8D02-42B2-88D7-15A159D41731}"
	ProjectSection(SolutionItems) = preProject
		..\README.md = ..\README.md
	EndProjectSection
EndProject
Project("{2150E333-8FDC-42A3-9474-1A3956D46DE8}") = "Images", "Images", "{781A03BF-FEED-407F-87ED-12DF41B83806}"
	ProjectSection(SolutionItems) = preProject
		Deployment\Documentation\Images\CustomDeployment.PNG = Deployment\Documentation\Images\CustomDeployment.PNG
		Deployment\Documentation\Images\Resources.PNG = Deployment\Documentation\Images\Resources.PNG
	EndProjectSection
EndProject
Global
	GlobalSection(SolutionConfigurationPlatforms) = preSolution
		Debug|Any CPU = Debug|Any CPU
		Release|Any CPU = Release|Any CPU
	EndGlobalSection
	GlobalSection(ProjectConfigurationPlatforms) = postSolution
		{931234C8-6FED-415C-A024-801BA8D642A4}.Debug|Any CPU.ActiveCfg = Debug|Any CPU
		{931234C8-6FED-415C-A024-801BA8D642A4}.Debug|Any CPU.Build.0 = Debug|Any CPU
		{931234C8-6FED-415C-A024-801BA8D642A4}.Release|Any CPU.ActiveCfg = Release|Any CPU
		{931234C8-6FED-415C-A024-801BA8D642A4}.Release|Any CPU.Build.0 = Release|Any CPU
	EndGlobalSection
	GlobalSection(SolutionProperties) = preSolution
		HideSolutionNode = FALSE
	EndGlobalSection
	GlobalSection(NestedProjects) = preSolution
		{59A50ED3-8D02-42B2-88D7-15A159D41731} = {1F50088E-78F7-4685-A025-C3018ADC80CD}
		{781A03BF-FEED-407F-87ED-12DF41B83806} = {59A50ED3-8D02-42B2-88D7-15A159D41731}
	EndGlobalSection
	GlobalSection(ExtensibilityGlobals) = postSolution
		SolutionGuid = {4DD377D8-DA33-4210-8E35-B94A9F0ED18C}
	EndGlobalSection
EndGlobal
